
Microsoft Visual Studio Solution File, Format Version 12.00
# Visual Studio 15
VisualStudioVersion = 15.0.26228.4
MinimumVisualStudioVersion = 10.0.40219.1
Project("{FAE04EC0-301F-11D3-BF4B-00C04F79EFBC}") = "CheckInAPI", "CheckInAPI\CheckInAPI.csproj", "{00E2FE98-D980-4C13-8DC4-AA3B8F2D2B1B}"
EndProject
Project("{FAE04EC0-301F-11D3-BF4B-00C04F79EFBC}") = "CheckInCommon", "CheckInCommon\CheckInCommon.csproj", "{C02DA815-E9FA-426C-9F6E-5780FA548BB8}"
EndProject
Project("{FAE04EC0-301F-11D3-BF4B-00C04F79EFBC}") = "CheckInManager", "CheckInManager\CheckInManager.csproj", "{FEC7A3E5-D870-4035-9328-9181A35B6CB6}"
EndProject
Global
	GlobalSection(SolutionConfigurationPlatforms) = preSolution
		Debug|Any CPU = Debug|Any CPU
		Debug|x64 = Debug|x64
		Release|Any CPU = Release|Any CPU
		Release|x64 = Release|x64
	EndGlobalSection
	GlobalSection(ProjectConfigurationPlatforms) = postSolution
		{00E2FE98-D980-4C13-8DC4-AA3B8F2D2B1B}.Debug|Any CPU.ActiveCfg = Debug|Any CPU
		{00E2FE98-D980-4C13-8DC4-AA3B8F2D2B1B}.Debug|Any CPU.Build.0 = Debug|Any CPU
		{00E2FE98-D980-4C13-8DC4-AA3B8F2D2B1B}.Debug|x64.ActiveCfg = Debug|x64
		{00E2FE98-D980-4C13-8DC4-AA3B8F2D2B1B}.Debug|x64.Build.0 = Debug|x64
		{00E2FE98-D980-4C13-8DC4-AA3B8F2D2B1B}.Release|Any CPU.ActiveCfg = Release|Any CPU
		{00E2FE98-D980-4C13-8DC4-AA3B8F2D2B1B}.Release|Any CPU.Build.0 = Release|Any CPU
		{00E2FE98-D980-4C13-8DC4-AA3B8F2D2B1B}.Release|x64.ActiveCfg = Release|x64
		{00E2FE98-D980-4C13-8DC4-AA3B8F2D2B1B}.Release|x64.Build.0 = Release|x64
		{C02DA815-E9FA-426C-9F6E-5780FA548BB8}.Debug|Any CPU.ActiveCfg = Debug|Any CPU
		{C02DA815-E9FA-426C-9F6E-5780FA548BB8}.Debug|Any CPU.Build.0 = Debug|Any CPU
		{C02DA815-E9FA-426C-9F6E-5780FA548BB8}.Debug|x64.ActiveCfg = Debug|Any CPU
		{C02DA815-E9FA-426C-9F6E-5780FA548BB8}.Debug|x64.Build.0 = Debug|Any CPU
		{C02DA815-E9FA-426C-9F6E-5780FA548BB8}.Release|Any CPU.ActiveCfg = Release|Any CPU
		{C02DA815-E9FA-426C-9F6E-5780FA548BB8}.Release|Any CPU.Build.0 = Release|Any CPU
		{C02DA815-E9FA-426C-9F6E-5780FA548BB8}.Release|x64.ActiveCfg = Release|Any CPU
		{C02DA815-E9FA-426C-9F6E-5780FA548BB8}.Release|x64.Build.0 = Release|Any CPU
		{FEC7A3E5-D870-4035-9328-9181A35B6CB6}.Debug|Any CPU.ActiveCfg = Debug|Any CPU
		{FEC7A3E5-D870-4035-9328-9181A35B6CB6}.Debug|Any CPU.Build.0 = Debug|Any CPU
		{FEC7A3E5-D870-4035-9328-9181A35B6CB6}.Debug|x64.ActiveCfg = Debug|Any CPU
		{FEC7A3E5-D870-4035-9328-9181A35B6CB6}.Debug|x64.Build.0 = Debug|Any CPU
		{FEC7A3E5-D870-4035-9328-9181A35B6CB6}.Release|Any CPU.ActiveCfg = Release|Any CPU
		{FEC7A3E5-D870-4035-9328-9181A35B6CB6}.Release|Any CPU.Build.0 = Release|Any CPU
		{FEC7A3E5-D870-4035-9328-9181A35B6CB6}.Release|x64.ActiveCfg = Release|Any CPU
		{FEC7A3E5-D870-4035-9328-9181A35B6CB6}.Release|x64.Build.0 = Release|Any CPU
	EndGlobalSection
	GlobalSection(SolutionProperties) = preSolution
		HideSolutionNode = FALSE
	EndGlobalSection
EndGlobal
